# THIS IS AN AUTOGENERATED FILE. DO NOT EDIT THIS FILE DIRECTLY.
# yarn lockfile v1


"@types/node@^10.5.2":
  version "10.5.2"
  resolved "https://registry.yarnpkg.com/@types/node/-/node-10.5.2.tgz#f19f05314d5421fe37e74153254201a7bf00a707"

cloudinary@^1.11.0:
  version "1.11.0"
  resolved "https://registry.yarnpkg.com/cloudinary/-/cloudinary-1.11.0.tgz#3f6b21961d17859f271738f452427d9899591ff1"
  dependencies:
    lodash "^4.17.4"
    q "^1.5.1"

lodash@^4.17.4:
  version "4.17.10"
  resolved "https://registry.yarnpkg.com/lodash/-/lodash-4.17.10.tgz#1b7793cf7259ea38fb3661d4d38b3260af8ae4e7"

q@^1.5.1:
  version "1.5.1"
  resolved "https://registry.yarnpkg.com/q/-/q-1.5.1.tgz#7e32f75b41381291d04611f1bf14109ac00651d7"

typescript@^2.9.2:
  version "2.9.2"
  resolved "https://registry.yarnpkg.com/typescript/-/typescript-2.9.2.tgz#1cbf61d05d6b96269244eb6a3bce4bd914e0f00c"

url-exists-promise@^1.0.1:
  version "1.0.1"
  resolved "https://registry.yarnpkg.com/url-exists-promise/-/url-exists-promise-1.0.1.tgz#e8b9de70133a4298f1d42e25abe5e7f5eec3da92"
